
Microsoft Visual Studio Solution File, Format Version 12.00
# Visual Studio Version 16
VisualStudioVersion = 16.0.31229.75
MinimumVisualStudioVersion = 10.0.40219.1
Project("{9A19103F-16F7-4668-BE54-9A1E7A4F7556}") = "SimpleApp.Web", "SimpleApp.Web\SimpleApp.Web.csproj", "{858EFF1E-474D-440A-B8D7-2126C114EAAA}"
EndProject
Project("{9A19103F-16F7-4668-BE54-9A1E7A4F7556}") = "SimpleApp.Core", "SimpleApp.Core\SimpleApp.Core.csproj", "{ECC377B8-E3F3-471D-B883-DC7ECE3C5B2B}"
EndProject
Project("{9A19103F-16F7-4668-BE54-9A1E7A4F7556}") = "SimpleApp.Infrastructure", "SimpleApp.Infrastructure\SimpleApp.Infrastructure.csproj", "{87177A4E-A20E-4400-8154-3AD3212E6A27}"
EndProject
Project("{9A19103F-16F7-4668-BE54-9A1E7A4F7556}") = "SimpleApp.WebApi", "SimpleAppWebApi\SimpleApp.WebApi.csproj", "{EA61DE78-4AAB-4C38-A660-30EA741F36EE}"
EndProject
Project("{9A19103F-16F7-4668-BE54-9A1E7A4F7556}") = "SimpleApp.Core.UnitTests", "Tests\SimpleApp.Core.UnitTests.csproj", "{62025DA2-8647-4E94-B61D-044F28FA934C}"
EndProject
Global
	GlobalSection(SolutionConfigurationPlatforms) = preSolution
		Debug|Any CPU = Debug|Any CPU
		Release|Any CPU = Release|Any CPU
	EndGlobalSection
	GlobalSection(ProjectConfigurationPlatforms) = postSolution
		{858EFF1E-474D-440A-B8D7-2126C114EAAA}.Debug|Any CPU.ActiveCfg = Debug|Any CPU
		{858EFF1E-474D-440A-B8D7-2126C114EAAA}.Debug|Any CPU.Build.0 = Debug|Any CPU
		{858EFF1E-474D-440A-B8D7-2126C114EAAA}.Release|Any CPU.ActiveCfg = Release|Any CPU
		{858EFF1E-474D-440A-B8D7-2126C114EAAA}.Release|Any CPU.Build.0 = Release|Any CPU
		{ECC377B8-E3F3-471D-B883-DC7ECE3C5B2B}.Debug|Any CPU.ActiveCfg = Debug|Any CPU
		{ECC377B8-E3F3-471D-B883-DC7ECE3C5B2B}.Debug|Any CPU.Build.0 = Debug|Any CPU
		{ECC377B8-E3F3-471D-B883-DC7ECE3C5B2B}.Release|Any CPU.ActiveCfg = Release|Any CPU
		{ECC377B8-E3F3-471D-B883-DC7ECE3C5B2B}.Release|Any CPU.Build.0 = Release|Any CPU
		{87177A4E-A20E-4400-8154-3AD3212E6A27}.Debug|Any CPU.ActiveCfg = Debug|Any CPU
		{87177A4E-A20E-4400-8154-3AD3212E6A27}.Debug|Any CPU.Build.0 = Debug|Any CPU
		{87177A4E-A20E-4400-8154-3AD3212E6A27}.Release|Any CPU.ActiveCfg = Release|Any CPU
		{87177A4E-A20E-4400-8154-3AD3212E6A27}.Release|Any CPU.Build.0 = Release|Any CPU
		{EA61DE78-4AAB-4C38-A660-30EA741F36EE}.Debug|Any CPU.ActiveCfg = Debug|Any CPU
		{EA61DE78-4AAB-4C38-A660-30EA741F36EE}.Debug|Any CPU.Build.0 = Debug|Any CPU
		{EA61DE78-4AAB-4C38-A660-30EA741F36EE}.Release|Any CPU.ActiveCfg = Release|Any CPU
		{EA61DE78-4AAB-4C38-A660-30EA741F36EE}.Release|Any CPU.Build.0 = Release|Any CPU
		{62025DA2-8647-4E94-B61D-044F28FA934C}.Debug|Any CPU.ActiveCfg = Debug|Any CPU
		{62025DA2-8647-4E94-B61D-044F28FA934C}.Debug|Any CPU.Build.0 = Debug|Any CPU
		{62025DA2-8647-4E94-B61D-044F28FA934C}.Release|Any CPU.ActiveCfg = Release|Any CPU
		{62025DA2-8647-4E94-B61D-044F28FA934C}.Release|Any CPU.Build.0 = Release|Any CPU
	EndGlobalSection
	GlobalSection(SolutionProperties) = preSolution
		HideSolutionNode = FALSE
	EndGlobalSection
	GlobalSection(ExtensibilityGlobals) = postSolution
		SolutionGuid = {2885F929-F024-4A68-A3BD-573A208AF674}
	EndGlobalSection
EndGlobal
